
Microsoft Visual Studio Solution File, Format Version 12.00
# Visual Studio 15
VisualStudioVersion = 15.0.26228.4
MinimumVisualStudioVersion = 10.0.40219.1
Project("{2150E333-8FDC-42A3-9474-1A3956D46DE8}") = "~", "~", "{6E1D3CA4-2CAF-4FF8-B318-CB5D865879EF}"
	ProjectSection(SolutionItems) = preProject
		.gitignore = .gitignore
		appveyor.yml = appveyor.yml
		CHANGELOG.md = CHANGELOG.md
		CONTRIBUTING.md = CONTRIBUTING.md
		deploy-kraken.json = deploy-kraken.json
		gulpfile.js = gulpfile.js
		Kraken.nuspec = Kraken.nuspec
		package.json = package.json
		predeploy.ps1 = predeploy.ps1
		README.md = README.md
		RELEASENOTES.md = RELEASENOTES.md
	EndProjectSection
EndProject
Project("{9A19103F-16F7-4668-BE54-9A1E7A4F7556}") = "Kraken", "src\Kraken\Kraken.csproj", "{B1315FB3-A9A4-446E-B9DE-9B9E56865555}"
EndProject
Project("{9A19103F-16F7-4668-BE54-9A1E7A4F7556}") = "Kraken.Tests", "test\Kraken.Tests\Kraken.Tests.csproj", "{80BB68DD-4DDE-4A28-8D53-70D636F58A5A}"
EndProject
Global
	GlobalSection(SolutionConfigurationPlatforms) = preSolution
		Debug|Any CPU = Debug|Any CPU
		Debug|x64 = Debug|x64
		Debug|x86 = Debug|x86
		Release|Any CPU = Release|Any CPU
		Release|x64 = Release|x64
		Release|x86 = Release|x86
	EndGlobalSection
	GlobalSection(ProjectConfigurationPlatforms) = postSolution
		{B1315FB3-A9A4-446E-B9DE-9B9E56865555}.Debug|Any CPU.ActiveCfg = Debug|Any CPU
		{B1315FB3-A9A4-446E-B9DE-9B9E56865555}.Debug|Any CPU.Build.0 = Debug|Any CPU
		{B1315FB3-A9A4-446E-B9DE-9B9E56865555}.Debug|x64.ActiveCfg = Debug|Any CPU
		{B1315FB3-A9A4-446E-B9DE-9B9E56865555}.Debug|x64.Build.0 = Debug|Any CPU
		{B1315FB3-A9A4-446E-B9DE-9B9E56865555}.Debug|x86.ActiveCfg = Debug|Any CPU
		{B1315FB3-A9A4-446E-B9DE-9B9E56865555}.Debug|x86.Build.0 = Debug|Any CPU
		{B1315FB3-A9A4-446E-B9DE-9B9E56865555}.Release|Any CPU.ActiveCfg = Release|Any CPU
		{B1315FB3-A9A4-446E-B9DE-9B9E56865555}.Release|Any CPU.Build.0 = Release|Any CPU
		{B1315FB3-A9A4-446E-B9DE-9B9E56865555}.Release|x64.ActiveCfg = Release|Any CPU
		{B1315FB3-A9A4-446E-B9DE-9B9E56865555}.Release|x64.Build.0 = Release|Any CPU
		{B1315FB3-A9A4-446E-B9DE-9B9E56865555}.Release|x86.ActiveCfg = Release|Any CPU
		{B1315FB3-A9A4-446E-B9DE-9B9E56865555}.Release|x86.Build.0 = Release|Any CPU
		{80BB68DD-4DDE-4A28-8D53-70D636F58A5A}.Debug|Any CPU.ActiveCfg = Debug|Any CPU
		{80BB68DD-4DDE-4A28-8D53-70D636F58A5A}.Debug|Any CPU.Build.0 = Debug|Any CPU
		{80BB68DD-4DDE-4A28-8D53-70D636F58A5A}.Debug|x64.ActiveCfg = Debug|Any CPU
		{80BB68DD-4DDE-4A28-8D53-70D636F58A5A}.Debug|x64.Build.0 = Debug|Any CPU
		{80BB68DD-4DDE-4A28-8D53-70D636F58A5A}.Debug|x86.ActiveCfg = Debug|Any CPU
		{80BB68DD-4DDE-4A28-8D53-70D636F58A5A}.Debug|x86.Build.0 = Debug|Any CPU
		{80BB68DD-4DDE-4A28-8D53-70D636F58A5A}.Release|Any CPU.ActiveCfg = Release|Any CPU
		{80BB68DD-4DDE-4A28-8D53-70D636F58A5A}.Release|Any CPU.Build.0 = Release|Any CPU
		{80BB68DD-4DDE-4A28-8D53-70D636F58A5A}.Release|x64.ActiveCfg = Release|Any CPU
		{80BB68DD-4DDE-4A28-8D53-70D636F58A5A}.Release|x64.Build.0 = Release|Any CPU
		{80BB68DD-4DDE-4A28-8D53-70D636F58A5A}.Release|x86.ActiveCfg = Release|Any CPU
		{80BB68DD-4DDE-4A28-8D53-70D636F58A5A}.Release|x86.Build.0 = Release|Any CPU
	EndGlobalSection
	GlobalSection(SolutionProperties) = preSolution
		HideSolutionNode = FALSE
	EndGlobalSection
	GlobalSection(ExtensibilityGlobals) = postSolution
		SolutionGuid = {5FCE78AB-4ED3-4487-9113-FDCFAF5D23F7}
	EndGlobalSection
EndGlobal
